// !$*UTF8*$!
{
	archiveVersion = 1;
	classes = {
	};
	objectVersion = 55;
	objects = {

/* Begin PBXBuildFile section */
		8C3D22BB290FC92200326E5F /* AppDelegate.swift in Sources */ = {isa = PBXBuildFile; fileRef = 8C3D22BA290FC92200326E5F /* AppDelegate.swift */; };
		8C3D22BD290FC92200326E5F /* SceneDelegate.swift in Sources */ = {isa = PBXBuildFile; fileRef = 8C3D22BC290FC92200326E5F /* SceneDelegate.swift */; };
		8C3D22BF290FC92200326E5F /* ViewController.swift in Sources */ = {isa = PBXBuildFile; fileRef = 8C3D22BE290FC92200326E5F /* ViewController.swift */; };
		8C3D22C2290FC92200326E5F /* Main.storyboard in Resources */ = {isa = PBXBuildFile; fileRef = 8C3D22C0290FC92200326E5F /* Main.storyboard */; };
		8C3D22C5290FC92200326E5F /* Calculator.xcdatamodeld in Sources */ = {isa = PBXBuildFile; fileRef = 8C3D22C3290FC92200326E5F /* Calculator.xcdatamodeld */; };
		8C3D22C7290FC92500326E5F /* Assets.xcassets in Resources */ = {isa = PBXBuildFile; fileRef = 8C3D22C6290FC92500326E5F /* Assets.xcassets */; };
		8C3D22CA290FC92500326E5F /* LaunchScreen.storyboard in Resources */ = {isa = PBXBuildFile; fileRef = 8C3D22C8290FC92500326E5F /* LaunchScreen.storyboard */; };
		8C3D22D5290FC92500326E5F /* CalculatorTests.swift in Sources */ = {isa = PBXBuildFile; fileRef = 8C3D22D4290FC92500326E5F /* CalculatorTests.swift */; };
		8C3D22DF290FC92500326E5F /* CalculatorUITests.swift in Sources */ = {isa = PBXBuildFile; fileRef = 8C3D22DE290FC92500326E5F /* CalculatorUITests.swift */; };
		8C3D22E1290FC92500326E5F /* CalculatorUITestsLaunchTests.swift in Sources */ = {isa = PBXBuildFile; fileRef = 8C3D22E0290FC92500326E5F /* CalculatorUITestsLaunchTests.swift */; };
		8C3D22F2291253E100326E5F /* gradientView.storyboard in Resources */ = {isa = PBXBuildFile; fileRef = 8C3D22F1291253E100326E5F /* gradientView.storyboard */; };
		8C3D22F8291256A700326E5F /* GradientViewController.swift in Sources */ = {isa = PBXBuildFile; fileRef = 8C3D22F7291256A700326E5F /* GradientViewController.swift */; };
		8C3D22FA2912D1DE00326E5F /* UIGradientImageView.swift in Sources */ = {isa = PBXBuildFile; fileRef = 8C3D22F92912D1DE00326E5F /* UIGradientImageView.swift */; };
/* End PBXBuildFile section */

/* Begin PBXContainerItemProxy section */
		8C3D22D1290FC92500326E5F /* PBXContainerItemProxy */ = {
			isa = PBXContainerItemProxy;
			containerPortal = 8C3D22AF290FC92200326E5F /* Project object */;
			proxyType = 1;
			remoteGlobalIDString = 8C3D22B6290FC92200326E5F;
			remoteInfo = Calculator;
		};
		8C3D22DB290FC92500326E5F /* PBXContainerItemProxy */ = {
			isa = PBXContainerItemProxy;
			containerPortal = 8C3D22AF290FC92200326E5F /* Project object */;
			proxyType = 1;
			remoteGlobalIDString = 8C3D22B6290FC92200326E5F;
			remoteInfo = Calculator;
		};
/* End PBXContainerItemProxy section */

/* Begin PBXFileReference section */
		8C3D22B7290FC92200326E5F /* Calculator.app */ = {isa = PBXFileReference; explicitFileType = wrapper.application; includeInIndex = 0; path = Calculator.app; sourceTree = BUILT_PRODUCTS_DIR; };
		8C3D22BA290FC92200326E5F /* AppDelegate.swift */ = {isa = PBXFileReference; lastKnownFileType = sourcecode.swift; path = AppDelegate.swift; sourceTree = "<group>"; };
		8C3D22BC290FC92200326E5F /* SceneDelegate.swift */ = {isa = PBXFileReference; lastKnownFileType = sourcecode.swift; path = SceneDelegate.swift; sourceTree = "<group>"; };
		8C3D22BE290FC92200326E5F /* ViewController.swift */ = {isa = PBXFileReference; lastKnownFileType = sourcecode.swift; path = ViewController.swift; sourceTree = "<group>"; };
		8C3D22C1290FC92200326E5F /* Base */ = {isa = PBXFileReference; lastKnownFileType = file.storyboard; name = Base; path = Base.lproj/Main.storyboard; sourceTree = "<group>"; };
		8C3D22C4290FC92200326E5F /* Calculator.xcdatamodel */ = {isa = PBXFileReference; lastKnownFileType = wrapper.xcdatamodel; path = Calculator.xcdatamodel; sourceTree = "<group>"; };
		8C3D22C6290FC92500326E5F /* Assets.xcassets */ = {isa = PBXFileReference; lastKnownFileType = folder.assetcatalog; path = Assets.xcassets; sourceTree = "<group>"; };
		8C3D22C9290FC92500326E5F /* Base */ = {isa = PBXFileReference; lastKnownFileType = file.storyboard; name = Base; path = Base.lproj/LaunchScreen.storyboard; sourceTree = "<group>"; };
		8C3D22CB290FC92500326E5F /* Info.plist */ = {isa = PBXFileReference; lastKnownFileType = text.plist.xml; path = Info.plist; sourceTree = "<group>"; };
		8C3D22D0290FC92500326E5F /* CalculatorTests.xctest */ = {isa = PBXFileReference; explicitFileType = wrapper.cfbundle; includeInIndex = 0; path = CalculatorTests.xctest; sourceTree = BUILT_PRODUCTS_DIR; };
		8C3D22D4290FC92500326E5F /* CalculatorTests.swift */ = {isa = PBXFileReference; lastKnownFileType = sourcecode.swift; path = CalculatorTests.swift; sourceTree = "<group>"; };
		8C3D22DA290FC92500326E5F /* CalculatorUITests.xctest */ = {isa = PBXFileReference; explicitFileType = wrapper.cfbundle; includeInIndex = 0; path = CalculatorUITests.xctest; sourceTree = BUILT_PRODUCTS_DIR; };
		8C3D22DE290FC92500326E5F /* CalculatorUITests.swift */ = {isa = PBXFileReference; lastKnownFileType = sourcecode.swift; path = CalculatorUITests.swift; sourceTree = "<group>"; };
		8C3D22E0290FC92500326E5F /* CalculatorUITestsLaunchTests.swift */ = {isa = PBXFileReference; lastKnownFileType = sourcecode.swift; path = CalculatorUITestsLaunchTests.swift; sourceTree = "<group>"; };
		8C3D22F1291253E100326E5F /* gradientView.storyboard */ = {isa = PBXFileReference; lastKnownFileType = file.storyboard; path = gradientView.storyboard; sourceTree = "<group>"; };
		8C3D22F7291256A700326E5F /* GradientViewController.swift */ = {isa = PBXFileReference; lastKnownFileType = sourcecode.swift; path = GradientViewController.swift; sourceTree = "<group>"; };
		8C3D22F92912D1DE00326E5F /* UIGradientImageView.swift */ = {isa = PBXFileReference; lastKnownFileType = sourcecode.swift; path = UIGradientImageView.swift; sourceTree = "<group>"; };
/* End PBXFileReference section */

/* Begin PBXFrameworksBuildPhase section */
		8C3D22B4290FC92200326E5F /* Frameworks */ = {
			isa = PBXFrameworksBuildPhase;
			buildActionMask = 2147483647;
			files = (
			);
			runOnlyForDeploymentPostprocessing = 0;
		};
		8C3D22CD290FC92500326E5F /* Frameworks */ = {
			isa = PBXFrameworksBuildPhase;
			buildActionMask = 2147483647;
			files = (
			);
			runOnlyForDeploymentPostprocessing = 0;
		};
		8C3D22D7290FC92500326E5F /* Frameworks */ = {
			isa = PBXFrameworksBuildPhase;
			buildActionMask = 2147483647;
			files = (
			);
			runOnlyForDeploymentPostprocessing = 0;
		};
/* End PBXFrameworksBuildPhase section */

/* Begin PBXGroup section */
		8C3D22AE290FC92200326E5F = {
			isa = PBXGroup;
			children = (
				8C3D22B9290FC92200326E5F /* Calculator */,
				8C3D22D3290FC92500326E5F /* CalculatorTests */,
				8C3D22DD290FC92500326E5F /* CalculatorUITests */,
				8C3D22B8290FC92200326E5F /* Products */,
			);
			sourceTree = "<group>";
		};
		8C3D22B8290FC92200326E5F /* Products */ = {
			isa = PBXGroup;
			children = (
				8C3D22B7290FC92200326E5F /* Calculator.app */,
				8C3D22D0290FC92500326E5F /* CalculatorTests.xctest */,
				8C3D22DA290FC92500326E5F /* CalculatorUITests.xctest */,
			);
			name = Products;
			sourceTree = "<group>";
		};
		8C3D22B9290FC92200326E5F /* Calculator */ = {
			isa = PBXGroup;
			children = (
				8C3D22F0291253C300326E5F /* controller */,
				8C3D22EE291253AA00326E5F /* view */,
				8C3D22ED291253A400326E5F /* model */,
				8C3D22BA290FC92200326E5F /* AppDelegate.swift */,
				8C3D22BC290FC92200326E5F /* SceneDelegate.swift */,
				8C3D22BE290FC92200326E5F /* ViewController.swift */,
				8C3D22C0290FC92200326E5F /* Main.storyboard */,
				8C3D22C6290FC92500326E5F /* Assets.xcassets */,
				8C3D22C8290FC92500326E5F /* LaunchScreen.storyboard */,
				8C3D22CB290FC92500326E5F /* Info.plist */,
				8C3D22C3290FC92200326E5F /* Calculator.xcdatamodeld */,
			);
			path = Calculator;
			sourceTree = "<group>";
		};
		8C3D22D3290FC92500326E5F /* CalculatorTests */ = {
			isa = PBXGroup;
			children = (
				8C3D22D4290FC92500326E5F /* CalculatorTests.swift */,
			);
			path = CalculatorTests;
			sourceTree = "<group>";
		};
		8C3D22DD290FC92500326E5F /* CalculatorUITests */ = {
			isa = PBXGroup;
			children = (
				8C3D22DE290FC92500326E5F /* CalculatorUITests.swift */,
				8C3D22E0290FC92500326E5F /* CalculatorUITestsLaunchTests.swift */,
			);
			path = CalculatorUITests;
			sourceTree = "<group>";
		};
		8C3D22ED291253A400326E5F /* model */ = {
			isa = PBXGroup;
			children = (
				8C3D22F92912D1DE00326E5F /* UIGradientImageView.swift */,
			);
			path = model;
			sourceTree = "<group>";
		};
		8C3D22EE291253AA00326E5F /* view */ = {
			isa = PBXGroup;
			children = (
				8C3D22F1291253E100326E5F /* gradientView.storyboard */,
			);
			path = view;
			sourceTree = "<group>";
		};
		8C3D22F0291253C300326E5F /* controller */ = {
			isa = PBXGroup;
			children = (
				8C3D22F7291256A700326E5F /* GradientViewController.swift */,
			);
			path = controller;
			sourceTree = "<group>";
		};
/* End PBXGroup section */

/* Begin PBXNativeTarget section */
		8C3D22B6290FC92200326E5F /* Calculator */ = {
			isa = PBXNativeTarget;
			buildConfigurationList = 8C3D22E4290FC92500326E5F /* Build configuration list for PBXNativeTarget "Calculator" */;
			buildPhases = (
				8C3D22B3290FC92200326E5F /* Sources */,
				8C3D22B4290FC92200326E5F /* Frameworks */,
				8C3D22B5290FC92200326E5F /* Resources */,
			);
			buildRules = (
			);
			dependencies = (
			);
			name = Calculator;
			productName = Calculator;
			productReference = 8C3D22B7290FC92200326E5F /* Calculator.app */;
			productType = "com.apple.product-type.application";
		};
		8C3D22CF290FC92500326E5F /* CalculatorTests */ = {
			isa = PBXNativeTarget;
			buildConfigurationList = 8C3D22E7290FC92500326E5F /* Build configuration list for PBXNativeTarget "CalculatorTests" */;
			buildPhases = (
				8C3D22CC290FC92500326E5F /* Sources */,
				8C3D22CD290FC92500326E5F /* Frameworks */,
				8C3D22CE290FC92500326E5F /* Resources */,
			);
			buildRules = (
			);
			dependencies = (
				8C3D22D2290FC92500326E5F /* PBXTargetDependency */,
			);
			name = CalculatorTests;
			productName = CalculatorTests;
			productReference = 8C3D22D0290FC92500326E5F /* CalculatorTests.xctest */;
			productType = "com.apple.product-type.bundle.unit-test";
		};
		8C3D22D9290FC92500326E5F /* CalculatorUITests */ = {
			isa = PBXNativeTarget;
			buildConfigurationList = 8C3D22EA290FC92500326E5F /* Build configuration list for PBXNativeTarget "CalculatorUITests" */;
			buildPhases = (
				8C3D22D6290FC92500326E5F /* Sources */,
				8C3D22D7290FC92500326E5F /* Frameworks */,
				8C3D22D8290FC92500326E5F /* Resources */,
			);
			buildRules = (
			);
			dependencies = (
				8C3D22DC290FC92500326E5F /* PBXTargetDependency */,
			);
			name = CalculatorUITests;
			productName = CalculatorUITests;
			productReference = 8C3D22DA290FC92500326E5F /* CalculatorUITests.xctest */;
			productType = "com.apple.product-type.bundle.ui-testing";
		};
/* End PBXNativeTarget section */

/* Begin PBXProject section */
		8C3D22AF290FC92200326E5F /* Project object */ = {
			isa = PBXProject;
			attributes = {
				BuildIndependentTargetsInParallel = 1;
				LastSwiftUpdateCheck = 1340;
				LastUpgradeCheck = 1340;
				TargetAttributes = {
					8C3D22B6290FC92200326E5F = {
						CreatedOnToolsVersion = 13.4.1;
					};
					8C3D22CF290FC92500326E5F = {
						CreatedOnToolsVersion = 13.4.1;
						TestTargetID = 8C3D22B6290FC92200326E5F;
					};
					8C3D22D9290FC92500326E5F = {
						CreatedOnToolsVersion = 13.4.1;
						TestTargetID = 8C3D22B6290FC92200326E5F;
					};
				};
			};
			buildConfigurationList = 8C3D22B2290FC92200326E5F /* Build configuration list for PBXProject "Calculator" */;
			compatibilityVersion = "Xcode 13.0";
			developmentRegion = en;
			hasScannedForEncodings = 0;
			knownRegions = (
				en,
				Base,
			);
			mainGroup = 8C3D22AE290FC92200326E5F;
			productRefGroup = 8C3D22B8290FC92200326E5F /* Products */;
			projectDirPath = "";
			projectRoot = "";
			targets = (
				8C3D22B6290FC92200326E5F /* Calculator */,
				8C3D22CF290FC92500326E5F /* CalculatorTests */,
				8C3D22D9290FC92500326E5F /* CalculatorUITests */,
			);
		};
/* End PBXProject section */

/* Begin PBXResourcesBuildPhase section */
		8C3D22B5290FC92200326E5F /* Resources */ = {
			isa = PBXResourcesBuildPhase;
			buildActionMask = 2147483647;
			files = (
				8C3D22CA290FC92500326E5F /* LaunchScreen.storyboard in Resources */,
				8C3D22C7290FC92500326E5F /* Assets.xcassets in Resources */,
				8C3D22C2290FC92200326E5F /* Main.storyboard in Resources */,
				8C3D22F2291253E100326E5F /* gradientView.storyboard in Resources */,
			);
			runOnlyForDeploymentPostprocessing = 0;
		};
		8C3D22CE290FC92500326E5F /* Resources */ = {
			isa = PBXResourcesBuildPhase;
			buildActionMask = 2147483647;
			files = (
			);
			runOnlyForDeploymentPostprocessing = 0;
		};
		8C3D22D8290FC92500326E5F /* Resources */ = {
			isa = PBXResourcesBuildPhase;
			buildActionMask = 2147483647;
			files = (
			);
			runOnlyForDeploymentPostprocessing = 0;
		};
/* End PBXResourcesBuildPhase section */

/* Begin PBXSourcesBuildPhase section */
		8C3D22B3290FC92200326E5F /* Sources */ = {
			isa = PBXSourcesBuildPhase;
			buildActionMask = 2147483647;
			files = (
				8C3D22BF290FC92200326E5F /* ViewController.swift in Sources */,
				8C3D22C5290FC92200326E5F /* Calculator.xcdatamodeld in Sources */,
				8C3D22FA2912D1DE00326E5F /* UIGradientImageView.swift in Sources */,
				8C3D22F8291256A700326E5F /* GradientViewController.swift in Sources */,
				8C3D22BB290FC92200326E5F /* AppDelegate.swift in Sources */,
				8C3D22BD290FC92200326E5F /* SceneDelegate.swift in Sources */,
			);
			runOnlyForDeploymentPostprocessing = 0;
		};
		8C3D22CC290FC92500326E5F /* Sources */ = {
			isa = PBXSourcesBuildPhase;
			buildActionMask = 2147483647;
			files = (
				8C3D22D5290FC92500326E5F /* CalculatorTests.swift in Sources */,
			);
			runOnlyForDeploymentPostprocessing = 0;
		};
		8C3D22D6290FC92500326E5F /* Sources */ = {
			isa = PBXSourcesBuildPhase;
			buildActionMask = 2147483647;
			files = (
				8C3D22E1290FC92500326E5F /* CalculatorUITestsLaunchTests.swift in Sources */,
				8C3D22DF290FC92500326E5F /* CalculatorUITests.swift in Sources */,
			);
			runOnlyForDeploymentPostprocessing = 0;
		};
/* End PBXSourcesBuildPhase section */

/* Begin PBXTargetDependency section */
		8C3D22D2290FC92500326E5F /* PBXTargetDependency */ = {
			isa = PBXTargetDependency;
			target = 8C3D22B6290FC92200326E5F /* Calculator */;
			targetProxy = 8C3D22D1290FC92500326E5F /* PBXContainerItemProxy */;
		};
		8C3D22DC290FC92500326E5F /* PBXTargetDependency */ = {
			isa = PBXTargetDependency;
			target = 8C3D22B6290FC92200326E5F /* Calculator */;
			targetProxy = 8C3D22DB290FC92500326E5F /* PBXContainerItemProxy */;
		};
/* End PBXTargetDependency section */

/* Begin PBXVariantGroup section */
		8C3D22C0290FC92200326E5F /* Main.storyboard */ = {
			isa = PBXVariantGroup;
			children = (
				8C3D22C1290FC92200326E5F /* Base */,
			);
			name = Main.storyboard;
			sourceTree = "<group>";
		};
		8C3D22C8290FC92500326E5F /* LaunchScreen.storyboard */ = {
			isa = PBXVariantGroup;
			children = (
				8C3D22C9290FC92500326E5F /* Base */,
			);
			name = LaunchScreen.storyboard;
			sourceTree = "<group>";
		};
/* End PBXVariantGroup section */

/* Begin XCBuildConfiguration section */
		8C3D22E2290FC92500326E5F /* Debug */ = {
			isa = XCBuildConfiguration;
			buildSettings = {
				ALWAYS_SEARCH_USER_PATHS = NO;
				CLANG_ANALYZER_NONNULL = YES;
				CLANG_ANALYZER_NUMBER_OBJECT_CONVERSION = YES_AGGRESSIVE;
				CLANG_CXX_LANGUAGE_STANDARD = "gnu++17";
				CLANG_ENABLE_MODULES = YES;
				CLANG_ENABLE_OBJC_ARC = YES;
				CLANG_ENABLE_OBJC_WEAK = YES;
				CLANG_WARN_BLOCK_CAPTURE_AUTORELEASING = YES;
				CLANG_WARN_BOOL_CONVERSION = YES;
				CLANG_WARN_COMMA = YES;
				CLANG_WARN_CONSTANT_CONVERSION = YES;
				CLANG_WARN_DEPRECATED_OBJC_IMPLEMENTATIONS = YES;
				CLANG_WARN_DIRECT_OBJC_ISA_USAGE = YES_ERROR;
				CLANG_WARN_DOCUMENTATION_COMMENTS = YES;
				CLANG_WARN_EMPTY_BODY = YES;
				CLANG_WARN_ENUM_CONVERSION = YES;
				CLANG_WARN_INFINITE_RECURSION = YES;
				CLANG_WARN_INT_CONVERSION = YES;
				CLANG_WARN_NON_LITERAL_NULL_CONVERSION = YES;
				CLANG_WARN_OBJC_IMPLICIT_RETAIN_SELF = YES;
				CLANG_WARN_OBJC_LITERAL_CONVERSION = YES;
				CLANG_WARN_OBJC_ROOT_CLASS = YES_ERROR;
				CLANG_WARN_QUOTED_INCLUDE_IN_FRAMEWORK_HEADER = YES;
				CLANG_WARN_RANGE_LOOP_ANALYSIS = YES;
				CLANG_WARN_STRICT_PROTOTYPES = YES;
				CLANG_WARN_SUSPICIOUS_MOVE = YES;
				CLANG_WARN_UNGUARDED_AVAILABILITY = YES_AGGRESSIVE;
				CLANG_WARN_UNREACHABLE_CODE = YES;
				CLANG_WARN__DUPLICATE_METHOD_MATCH = YES;
				COPY_PHASE_STRIP = NO;
				DEBUG_INFORMATION_FORMAT = dwarf;
				ENABLE_STRICT_OBJC_MSGSEND = YES;
				ENABLE_TESTABILITY = YES;
				GCC_C_LANGUAGE_STANDARD = gnu11;
				GCC_DYNAMIC_NO_PIC = NO;
				GCC_NO_COMMON_BLOCKS = YES;
				GCC_OPTIMIZATION_LEVEL = 0;
				GCC_PREPROCESSOR_DEFINITIONS = (
					"DEBUG=1",
					"$(inherited)",
				);
				GCC_WARN_64_TO_32_BIT_CONVERSION = YES;
				GCC_WARN_ABOUT_RETURN_TYPE = YES_ERROR;
				GCC_WARN_UNDECLARED_SELECTOR = YES;
				GCC_WARN_UNINITIALIZED_AUTOS = YES_AGGRESSIVE;
				GCC_WARN_UNUSED_FUNCTION = YES;
				GCC_WARN_UNUSED_VARIABLE = YES;
				IPHONEOS_DEPLOYMENT_TARGET = 15.5;
				MTL_ENABLE_DEBUG_INFO = INCLUDE_SOURCE;
				MTL_FAST_MATH = YES;
				ONLY_ACTIVE_ARCH = YES;
				SDKROOT = iphoneos;
				SWIFT_ACTIVE_COMPILATION_CONDITIONS = DEBUG;
				SWIFT_OPTIMIZATION_LEVEL = "-Onone";
			};
			name = Debug;
		};
		8C3D22E3290FC92500326E5F /* Release */ = {
			isa = XCBuildConfiguration;
			buildSettings = {
				ALWAYS_SEARCH_USER_PATHS = NO;
				CLANG_ANALYZER_NONNULL = YES;
				CLANG_ANALYZER_NUMBER_OBJECT_CONVERSION = YES_AGGRESSIVE;
				CLANG_CXX_LANGUAGE_STANDARD = "gnu++17";
				CLANG_ENABLE_MODULES = YES;
				CLANG_ENABLE_OBJC_ARC = YES;
				CLANG_ENABLE_OBJC_WEAK = YES;
				CLANG_WARN_BLOCK_CAPTURE_AUTORELEASING = YES;
				CLANG_WARN_BOOL_CONVERSION = YES;
				CLANG_WARN_COMMA = YES;
				CLANG_WARN_CONSTANT_CONVERSION = YES;
				CLANG_WARN_DEPRECATED_OBJC_IMPLEMENTATIONS = YES;
				CLANG_WARN_DIRECT_OBJC_ISA_USAGE = YES_ERROR;
				CLANG_WARN_DOCUMENTATION_COMMENTS = YES;
				CLANG_WARN_EMPTY_BODY = YES;
				CLANG_WARN_ENUM_CONVERSION = YES;
				CLANG_WARN_INFINITE_RECURSION = YES;
				CLANG_WARN_INT_CONVERSION = YES;
				CLANG_WARN_NON_LITERAL_NULL_CONVERSION = YES;
				CLANG_WARN_OBJC_IMPLICIT_RETAIN_SELF = YES;
				CLANG_WARN_OBJC_LITERAL_CONVERSION = YES;
				CLANG_WARN_OBJC_ROOT_CLASS = YES_ERROR;
				CLANG_WARN_QUOTED_INCLUDE_IN_FRAMEWORK_HEADER = YES;
				CLANG_WARN_RANGE_LOOP_ANALYSIS = YES;
				CLANG_WARN_STRICT_PROTOTYPES = YES;
				CLANG_WARN_SUSPICIOUS_MOVE = YES;
				CLANG_WARN_UNGUARDED_AVAILABILITY = YES_AGGRESSIVE;
				CLANG_WARN_UNREACHABLE_CODE = YES;
				CLANG_WARN__DUPLICATE_METHOD_MATCH = YES;
				COPY_PHASE_STRIP = NO;
				DEBUG_INFORMATION_FORMAT = "dwarf-with-dsym";
				ENABLE_NS_ASSERTIONS = NO;
				ENABLE_STRICT_OBJC_MSGSEND = YES;
				GCC_C_LANGUAGE_STANDARD = gnu11;
				GCC_NO_COMMON_BLOCKS = YES;
				GCC_WARN_64_TO_32_BIT_CONVERSION = YES;
				GCC_WARN_ABOUT_RETURN_TYPE = YES_ERROR;
				GCC_WARN_UNDECLARED_SELECTOR = YES;
				GCC_WARN_UNINITIALIZED_AUTOS = YES_AGGRESSIVE;
				GCC_WARN_UNUSED_FUNCTION = YES;
				GCC_WARN_UNUSED_VARIABLE = YES;
				IPHONEOS_DEPLOYMENT_TARGET = 15.5;
				MTL_ENABLE_DEBUG_INFO = NO;
				MTL_FAST_MATH = YES;
				SDKROOT = iphoneos;
				SWIFT_COMPILATION_MODE = wholemodule;
				SWIFT_OPTIMIZATION_LEVEL = "-O";
				VALIDATE_PRODUCT = YES;
			};
			name = Release;
		};
		8C3D22E5290FC92500326E5F /* Debug */ = {
			isa = XCBuildConfiguration;
			buildSettings = {
				ASSETCATALOG_COMPILER_APPICON_NAME = AppIcon;
				ASSETCATALOG_COMPILER_GLOBAL_ACCENT_COLOR_NAME = AccentColor;
				CODE_SIGN_STYLE = Automatic;
				CURRENT_PROJECT_VERSION = 1;
				GENERATE_INFOPLIST_FILE = YES;
				INFOPLIST_FILE = Calculator/Info.plist;
				INFOPLIST_KEY_UIApplicationSupportsIndirectInputEvents = YES;
				INFOPLIST_KEY_UILaunchStoryboardName = LaunchScreen;
				INFOPLIST_KEY_UIMainStoryboardFile = Main;
				INFOPLIST_KEY_UISupportedInterfaceOrientations_iPad = "UIInterfaceOrientationPortrait UIInterfaceOrientationPortraitUpsideDown UIInterfaceOrientationLandscapeLeft UIInterfaceOrientationLandscapeRight";
				INFOPLIST_KEY_UISupportedInterfaceOrientations_iPhone = "UIInterfaceOrientationPortrait UIInterfaceOrientationLandscapeLeft UIInterfaceOrientationLandscapeRight";
				LD_RUNPATH_SEARCH_PATHS = (
					"$(inherited)",
					"@executable_path/Frameworks",
				);
				MARKETING_VERSION = 1.0;
				PRODUCT_BUNDLE_IDENTIFIER = Hexaview.Calculator;
				PRODUCT_NAME = "$(TARGET_NAME)";
				SWIFT_EMIT_LOC_STRINGS = YES;
				SWIFT_VERSION = 5.0;
				TARGETED_DEVICE_FAMILY = "1,2";
			};
			name = Debug;
		};
		8C3D22E6290FC92500326E5F /* Release */ = {
			isa = XCBuildConfiguration;
			buildSettings = {
				ASSETCATALOG_COMPILER_APPICON_NAME = AppIcon;
				ASSETCATALOG_COMPILER_GLOBAL_ACCENT_COLOR_NAME = AccentColor;
				CODE_SIGN_STYLE = Automatic;
				CURRENT_PROJECT_VERSION = 1;
				GENERATE_INFOPLIST_FILE = YES;
				INFOPLIST_FILE = Calculator/Info.plist;
				INFOPLIST_KEY_UIApplicationSupportsIndirectInputEvents = YES;
				INFOPLIST_KEY_UILaunchStoryboardName = LaunchScreen;
				INFOPLIST_KEY_UIMainStoryboardFile = Main;
				INFOPLIST_KEY_UISupportedInterfaceOrientations_iPad = "UIInterfaceOrientationPortrait UIInterfaceOrientationPortraitUpsideDown UIInterfaceOrientationLandscapeLeft UIInterfaceOrientationLandscapeRight";
				INFOPLIST_KEY_UISupportedInterfaceOrientations_iPhone = "UIInterfaceOrientationPortrait UIInterfaceOrientationLandscapeLeft UIInterfaceOrientationLandscapeRight";
				LD_RUNPATH_SEARCH_PATHS = (
					"$(inherited)",
					"@executable_path/Frameworks",
				);
				MARKETING_VERSION = 1.0;
				PRODUCT_BUNDLE_IDENTIFIER = Hexaview.Calculator;
				PRODUCT_NAME = "$(TARGET_NAME)";
				SWIFT_EMIT_LOC_STRINGS = YES;
				SWIFT_VERSION = 5.0;
				TARGETED_DEVICE_FAMILY = "1,2";
			};
			name = Release;
		};
		8C3D22E8290FC92500326E5F /* Debug */ = {
			isa = XCBuildConfiguration;
			buildSettings = {
				ALWAYS_EMBED_SWIFT_STANDARD_LIBRARIES = YES;
				BUNDLE_LOADER = "$(TEST_HOST)";
				CODE_SIGN_STYLE = Automatic;
				CURRENT_PROJECT_VERSION = 1;
				GENERATE_INFOPLIST_FILE = YES;
				IPHONEOS_DEPLOYMENT_TARGET = 15.5;
				MARKETING_VERSION = 1.0;
				PRODUCT_BUNDLE_IDENTIFIER = Hexaview.CalculatorTests;
				PRODUCT_NAME = "$(TARGET_NAME)";
				SWIFT_EMIT_LOC_STRINGS = NO;
				SWIFT_VERSION = 5.0;
				TARGETED_DEVICE_FAMILY = "1,2";
				TEST_HOST = "$(BUILT_PRODUCTS_DIR)/Calculator.app/Calculator";
			};
			name = Debug;
		};
		8C3D22E9290FC92500326E5F /* Release */ = {
			isa = XCBuildConfiguration;
			buildSettings = {
				ALWAYS_EMBED_SWIFT_STANDARD_LIBRARIES = YES;
				BUNDLE_LOADER = "$(TEST_HOST)";
				CODE_SIGN_STYLE = Automatic;
				CURRENT_PROJECT_VERSION = 1;
				GENERATE_INFOPLIST_FILE = YES;
				IPHONEOS_DEPLOYMENT_TARGET = 15.5;
				MARKETING_VERSION = 1.0;
				PRODUCT_BUNDLE_IDENTIFIER = Hexaview.CalculatorTests;
				PRODUCT_NAME = "$(TARGET_NAME)";
				SWIFT_EMIT_LOC_STRINGS = NO;
				SWIFT_VERSION = 5.0;
				TARGETED_DEVICE_FAMILY = "1,2";
				TEST_HOST = "$(BUILT_PRODUCTS_DIR)/Calculator.app/Calculator";
			};
			name = Release;
		};
		8C3D22EB290FC92500326E5F /* Debug */ = {
			isa = XCBuildConfiguration;
			buildSettings = {
				ALWAYS_EMBED_SWIFT_STANDARD_LIBRARIES = YES;
				CODE_SIGN_STYLE = Automatic;
				CURRENT_PROJECT_VERSION = 1;
				GENERATE_INFOPLIST_FILE = YES;
				MARKETING_VERSION = 1.0;
				PRODUCT_BUNDLE_IDENTIFIER = Hexaview.CalculatorUITests;
				PRODUCT_NAME = "$(TARGET_NAME)";
				SWIFT_EMIT_LOC_STRINGS = NO;
				SWIFT_VERSION = 5.0;
				TARGETED_DEVICE_FAMILY = "1,2";
				TEST_TARGET_NAME = Calculator;
			};
			name = Debug;
		};
		8C3D22EC290FC92500326E5F /* Release */ = {
			isa = XCBuildConfiguration;
			buildSettings = {
				ALWAYS_EMBED_SWIFT_STANDARD_LIBRARIES = YES;
				CODE_SIGN_STYLE = Automatic;
				CURRENT_PROJECT_VERSION = 1;
				GENERATE_INFOPLIST_FILE = YES;
				MARKETING_VERSION = 1.0;
				PRODUCT_BUNDLE_IDENTIFIER = Hexaview.CalculatorUITests;
				PRODUCT_NAME = "$(TARGET_NAME)";
				SWIFT_EMIT_LOC_STRINGS = NO;
				SWIFT_VERSION = 5.0;
				TARGETED_DEVICE_FAMILY = "1,2";
				TEST_TARGET_NAME = Calculator;
			};
			name = Release;
		};
/* End XCBuildConfiguration section */

/* Begin XCConfigurationList section */
		8C3D22B2290FC92200326E5F /* Build configuration list for PBXProject "Calculator" */ = {
			isa = XCConfigurationList;
			buildConfigurations = (
				8C3D22E2290FC92500326E5F /* Debug */,
				8C3D22E3290FC92500326E5F /* Release */,
			);
			defaultConfigurationIsVisible = 0;
			defaultConfigurationName = Release;
		};
		8C3D22E4290FC92500326E5F /* Build configuration list for PBXNativeTarget "Calculator" */ = {
			isa = XCConfigurationList;
			buildConfigurations = (
				8C3D22E5290FC92500326E5F /* Debug */,
				8C3D22E6290FC92500326E5F /* Release */,
			);
			defaultConfigurationIsVisible = 0;
			defaultConfigurationName = Release;
		};
		8C3D22E7290FC92500326E5F /* Build configuration list for PBXNativeTarget "CalculatorTests" */ = {
			isa = XCConfigurationList;
			buildConfigurations = (
				8C3D22E8290FC92500326E5F /* Debug */,
				8C3D22E9290FC92500326E5F /* Release */,
			);
			defaultConfigurationIsVisible = 0;
			defaultConfigurationName = Release;
		};
		8C3D22EA290FC92500326E5F /* Build configuration list for PBXNativeTarget "CalculatorUITests" */ = {
			isa = XCConfigurationList;
			buildConfigurations = (
				8C3D22EB290FC92500326E5F /* Debug */,
				8C3D22EC290FC92500326E5F /* Release */,
			);
			defaultConfigurationIsVisible = 0;
			defaultConfigurationName = Release;
		};
/* End XCConfigurationList section */

/* Begin XCVersionGroup section */
		8C3D22C3290FC92200326E5F /* Calculator.xcdatamodeld */ = {
			isa = XCVersionGroup;
			children = (
				8C3D22C4290FC92200326E5F /* Calculator.xcdatamodel */,
			);
			currentVersion = 8C3D22C4290FC92200326E5F /* Calculator.xcdatamodel */;
			path = Calculator.xcdatamodeld;
			sourceTree = "<group>";
			versionGroupType = wrapper.xcdatamodel;
		};
/* End XCVersionGroup section */
	};
	rootObject = 8C3D22AF290FC92200326E5F /* Project object */;
}
